{
  "name": "@igon/http",
  "version": "1.0.7",
  "lockfileVersion": 1,
  "requires": true,
  "dependencies": {
    "@igon/helper": {
      "version": "1.0.0",
      "resolved": "https://registry.npmjs.org/@igon/helper/-/helper-1.0.0.tgz",
      "integrity": "sha512-NEECzgF+HYT3utOEysK95f5xPQj0Rte/79gNaGYPBJp8sNAHO+MPphEvDRczMePSrS2AZwz9H8RcOyzjORkkbw==",
      "requires": {
        "tslib": "^2.0.0"
      }
    },
    "tslib": {
      "version": "2.3.0",
      "resolved": "https://registry.npmjs.org/tslib/-/tslib-2.3.0.tgz",
      "integrity": "sha512-N82ooyxVNm6h1riLCoyS9e3fuJ3AMG2zIZs2Gd1ATcSFjSA23Q0fzjjZeh0jbJvWVDZ0cJT8yaNNaaXHzueNjg=="
    }
  }
}
